
Microsoft Visual Studio Solution File, Format Version 12.00
# Visual Studio 2013
VisualStudioVersion = 12.0.40629.0
MinimumVisualStudioVersion = 10.0.40219.1
Project("{FAE04EC0-301F-11D3-BF4B-00C04F79EFBC}") = "UsbTergum", "UsbTergum\UsbTergum.csproj", "{720F2ADE-CC6B-4621-BE0D-9631FC22B49A}"
EndProject
Global
	GlobalSection(SolutionConfigurationPlatforms) = preSolution
		Debug|Any CPU = Debug|Any CPU
		Release|Any CPU = Release|Any CPU
	EndGlobalSection
	GlobalSection(ProjectConfigurationPlatforms) = postSolution
		{720F2ADE-CC6B-4621-BE0D-9631FC22B49A}.Debug|Any CPU.ActiveCfg = Debug|Any CPU
		{720F2ADE-CC6B-4621-BE0D-9631FC22B49A}.Debug|Any CPU.Build.0 = Debug|Any CPU
		{720F2ADE-CC6B-4621-BE0D-9631FC22B49A}.Release|Any CPU.ActiveCfg = Release|Any CPU
		{720F2ADE-CC6B-4621-BE0D-9631FC22B49A}.Release|Any CPU.Build.0 = Release|Any CPU
	EndGlobalSection
	GlobalSection(SolutionProperties) = preSolution
		HideSolutionNode = FALSE
	EndGlobalSection
EndGlobal
